// !$*UTF8*$!
{
	archiveVersion = 1;
	classes = {
	};
	objectVersion = 50;
	objects = {

/* Begin PBXAggregateTarget section */
		5A43092F251647E900684820 /* VFX */ = {
			isa = PBXAggregateTarget;
			buildConfigurationList = 5A430930251647E900684820 /* Build configuration list for PBXAggregateTarget "VFX" */;
			buildPhases = (
			);
			dependencies = (
			);
			name = VFX;
			productName = VFX;
		};
/* End PBXAggregateTarget section */

/* Begin PBXBuildFile section */
		5A4308C525162C8400684820 /* VFXView.framework in Frameworks */ = {isa = PBXBuildFile; fileRef = 5A4308BB25162C8400684820 /* VFXView.framework */; };
		5A4308CA25162C8400684820 /* VFXViewTests.swift in Sources */ = {isa = PBXBuildFile; fileRef = 5A4308C925162C8400684820 /* VFXViewTests.swift */; };
		5A4308CC25162C8400684820 /* VFXView.h in Headers */ = {isa = PBXBuildFile; fileRef = 5A4308BE25162C8400684820 /* VFXView.h */; settings = {ATTRIBUTES = (Public, ); }; };
		5A4308D925162CA600684820 /* VFXLayout.swift in Sources */ = {isa = PBXBuildFile; fileRef = 5A4308D825162CA600684820 /* VFXLayout.swift */; };
		5A4308DE25162E2400684820 /* VFXView.swift in Sources */ = {isa = PBXBuildFile; fileRef = 5A4308DD25162E2400684820 /* VFXView.swift */; };
		5A4308E42516315300684820 /* VFXSnowView.swift in Sources */ = {isa = PBXBuildFile; fileRef = 5A4308E32516315300684820 /* VFXSnowView.swift */; };
		5A4308F12516384500684820 /* AppDelegate.swift in Sources */ = {isa = PBXBuildFile; fileRef = 5A4308F02516384500684820 /* AppDelegate.swift */; };
		5A4308F32516384500684820 /* SceneDelegate.swift in Sources */ = {isa = PBXBuildFile; fileRef = 5A4308F22516384500684820 /* SceneDelegate.swift */; };
		5A4308F52516384500684820 /* ViewController.swift in Sources */ = {isa = PBXBuildFile; fileRef = 5A4308F42516384500684820 /* ViewController.swift */; };
		5A4308F82516384500684820 /* Main.storyboard in Resources */ = {isa = PBXBuildFile; fileRef = 5A4308F62516384500684820 /* Main.storyboard */; };
		5A4308FA2516384800684820 /* Assets.xcassets in Resources */ = {isa = PBXBuildFile; fileRef = 5A4308F92516384800684820 /* Assets.xcassets */; };
		5A4308FD2516384800684820 /* LaunchScreen.storyboard in Resources */ = {isa = PBXBuildFile; fileRef = 5A4308FB2516384800684820 /* LaunchScreen.storyboard */; };
		5A4309082516384900684820 /* VFXViewExampleTests.swift in Sources */ = {isa = PBXBuildFile; fileRef = 5A4309072516384900684820 /* VFXViewExampleTests.swift */; };
		5A4309132516384900684820 /* VFXViewExampleUITests.swift in Sources */ = {isa = PBXBuildFile; fileRef = 5A4309122516384900684820 /* VFXViewExampleUITests.swift */; };
		5A4309292516470B00684820 /* VFXView.framework in Frameworks */ = {isa = PBXBuildFile; fileRef = 5A4308BB25162C8400684820 /* VFXView.framework */; };
		5AC3EBA025189E7A00D8C208 /* VFXParticleModel.swift in Sources */ = {isa = PBXBuildFile; fileRef = 5AC3EB9F25189E7A00D8C208 /* VFXParticleModel.swift */; };
		5AC3EBA825189FAB00D8C208 /* Number+VFX.swift in Sources */ = {isa = PBXBuildFile; fileRef = 5AC3EBA725189FAB00D8C208 /* Number+VFX.swift */; };
		5AC3EBB02518AA1F00D8C208 /* Color.swift in Sources */ = {isa = PBXBuildFile; fileRef = 5AC3EBAF2518AA1F00D8C208 /* Color.swift */; };
		5AD32435290D249B00D9D57D /* VFXLinearGradientLayer.h in Headers */ = {isa = PBXBuildFile; fileRef = 5AD323DC290D249A00D9D57D /* VFXLinearGradientLayer.h */; };
		5AD32436290D249B00D9D57D /* VFXLinearGradientLayer.m in Sources */ = {isa = PBXBuildFile; fileRef = 5AD323DD290D249A00D9D57D /* VFXLinearGradientLayer.m */; };
		5AD32437290D249B00D9D57D /* VFXLiquidView.m in Sources */ = {isa = PBXBuildFile; fileRef = 5AD323DF290D249A00D9D57D /* VFXLiquidView.m */; };
		5AD32438290D249B00D9D57D /* VFXAntigravityFlowView.m in Sources */ = {isa = PBXBuildFile; fileRef = 5AD323E0290D249A00D9D57D /* VFXAntigravityFlowView.m */; };
		5AD32439290D249B00D9D57D /* VFXCosmosView.h in Headers */ = {isa = PBXBuildFile; fileRef = 5AD323E1290D249A00D9D57D /* VFXCosmosView.h */; };
		5AD3243A290D249B00D9D57D /* VFXRainView.m in Sources */ = {isa = PBXBuildFile; fileRef = 5AD323E2290D249A00D9D57D /* VFXRainView.m */; };
		5AD3243B290D249B00D9D57D /* VFXContourView.h in Headers */ = {isa = PBXBuildFile; fileRef = 5AD323E3290D249A00D9D57D /* VFXContourView.h */; };
		5AD3243C290D249B00D9D57D /* VFXBubblyView.h in Headers */ = {isa = PBXBuildFile; fileRef = 5AD323E4290D249A00D9D57D /* VFXBubblyView.h */; };
		5AD3243D290D249B00D9D57D /* VFXRipleView.m in Sources */ = {isa = PBXBuildFile; fileRef = 5AD323E5290D249A00D9D57D /* VFXRipleView.m */; };
		5AD3243E290D249B00D9D57D /* VFXFlyBubbleView.m in Sources */ = {isa = PBXBuildFile; fileRef = 5AD323E6290D249A00D9D57D /* VFXFlyBubbleView.m */; };
		5AD3243F290D249B00D9D57D /* VFXSnowView.h in Headers */ = {isa = PBXBuildFile; fileRef = 5AD323E7290D249A00D9D57D /* VFXSnowView.h */; };
		5AD32440290D249B00D9D57D /* VFXView.h in Headers */ = {isa = PBXBuildFile; fileRef = 5AD323E8290D249A00D9D57D /* VFXView.h */; };
		5AD32441290D249B00D9D57D /* VFXMidnightSnowView.h in Headers */ = {isa = PBXBuildFile; fileRef = 5AD323E9290D249A00D9D57D /* VFXMidnightSnowView.h */; };
		5AD32442290D249B00D9D57D /* VFXBokehPatternView.h in Headers */ = {isa = PBXBuildFile; fileRef = 5AD323EA290D249A00D9D57D /* VFXBokehPatternView.h */; };
		5AD32443290D249B00D9D57D /* VFXLiquidView.h in Headers */ = {isa = PBXBuildFile; fileRef = 5AD323EB290D249A00D9D57D /* VFXLiquidView.h */; };
		5AD32444290D249B00D9D57D /* VFXRipleView.h in Headers */ = {isa = PBXBuildFile; fileRef = 5AD323EC290D249A00D9D57D /* VFXRipleView.h */; };
		5AD32445290D249B00D9D57D /* VFXRainView.h in Headers */ = {isa = PBXBuildFile; fileRef = 5AD323ED290D249A00D9D57D /* VFXRainView.h */; };
		5AD32446290D249B00D9D57D /* VFXContourView.m in Sources */ = {isa = PBXBuildFile; fileRef = 5AD323EE290D249A00D9D57D /* VFXContourView.m */; };
		5AD32447290D249B00D9D57D /* VFXBubblyView.m in Sources */ = {isa = PBXBuildFile; fileRef = 5AD323EF290D249A00D9D57D /* VFXBubblyView.m */; };
		5AD32448290D249B00D9D57D /* VFXCosmosView.m in Sources */ = {isa = PBXBuildFile; fileRef = 5AD323F0290D249A00D9D57D /* VFXCosmosView.m */; };
		5AD32449290D249B00D9D57D /* VFXAntigravityFlowView.h in Headers */ = {isa = PBXBuildFile; fileRef = 5AD323F1290D249A00D9D57D /* VFXAntigravityFlowView.h */; };
		5AD3244A290D249B00D9D57D /* VFXView.m in Sources */ = {isa = PBXBuildFile; fileRef = 5AD323F2290D249A00D9D57D /* VFXView.m */; };
		5AD3244B290D249B00D9D57D /* VFXSnowView.m in Sources */ = {isa = PBXBuildFile; fileRef = 5AD323F3290D249A00D9D57D /* VFXSnowView.m */; };
		5AD3244C290D249B00D9D57D /* VFXFlyBubbleView.h in Headers */ = {isa = PBXBuildFile; fileRef = 5AD323F4290D249A00D9D57D /* VFXFlyBubbleView.h */; };
		5AD3244D290D249B00D9D57D /* VFXBokehPatternView.m in Sources */ = {isa = PBXBuildFile; fileRef = 5AD323F5290D249A00D9D57D /* VFXBokehPatternView.m */; };
		5AD3244E290D249B00D9D57D /* VFXMidnightSnowView.m in Sources */ = {isa = PBXBuildFile; fileRef = 5AD323F6290D249A00D9D57D /* VFXMidnightSnowView.m */; };
		5AD3244F290D249B00D9D57D /* LinearGradient.m in Sources */ = {isa = PBXBuildFile; fileRef = 5AD323F8290D249A00D9D57D /* LinearGradient.m */; };
		5AD32450290D249B00D9D57D /* LinearGradient.h in Headers */ = {isa = PBXBuildFile; fileRef = 5AD323F9290D249A00D9D57D /* LinearGradient.h */; };
		5AD32451290D249B00D9D57D /* VFXPoint.h in Headers */ = {isa = PBXBuildFile; fileRef = 5AD323FC290D249A00D9D57D /* VFXPoint.h */; };
		5AD32452290D249B00D9D57D /* VFXImage.m in Sources */ = {isa = PBXBuildFile; fileRef = 5AD323FD290D249A00D9D57D /* VFXImage.m */; };
		5AD32453290D249B00D9D57D /* VFXContext.m in Sources */ = {isa = PBXBuildFile; fileRef = 5AD323FE290D249A00D9D57D /* VFXContext.m */; };
		5AD32454290D249B00D9D57D /* VFXPoint.m in Sources */ = {isa = PBXBuildFile; fileRef = 5AD323FF290D249A00D9D57D /* VFXPoint.m */; };
		5AD32455290D249B00D9D57D /* VFXImage.h in Headers */ = {isa = PBXBuildFile; fileRef = 5AD32400290D249A00D9D57D /* VFXImage.h */; };
		5AD32456290D249B00D9D57D /* VFXContext.h in Headers */ = {isa = PBXBuildFile; fileRef = 5AD32401290D249A00D9D57D /* VFXContext.h */; };
		5AD32457290D249B00D9D57D /* VFXSVGParticle.h in Headers */ = {isa = PBXBuildFile; fileRef = 5AD32403290D249A00D9D57D /* VFXSVGParticle.h */; };
		5AD32458290D249B00D9D57D /* VFX2DParticle.m in Sources */ = {isa = PBXBuildFile; fileRef = 5AD32404290D249A00D9D57D /* VFX2DParticle.m */; };
		5AD32459290D249B00D9D57D /* VFXAmuletParticle.m in Sources */ = {isa = PBXBuildFile; fileRef = 5AD32405290D249A00D9D57D /* VFXAmuletParticle.m */; };
		5AD3245A290D249B00D9D57D /* VFXMidnightSnowParticle.h in Headers */ = {isa = PBXBuildFile; fileRef = 5AD32406290D249A00D9D57D /* VFXMidnightSnowParticle.h */; };
		5AD3245B290D249B00D9D57D /* VFXAntigravityFlowParticle.m in Sources */ = {isa = PBXBuildFile; fileRef = 5AD32407290D249A00D9D57D /* VFXAntigravityFlowParticle.m */; };
		5AD3245C290D249B00D9D57D /* VFXRainParticle.h in Headers */ = {isa = PBXBuildFile; fileRef = 5AD32408290D249A00D9D57D /* VFXRainParticle.h */; };
		5AD3245D290D249B00D9D57D /* VFXBokehPatternParticle.m in Sources */ = {isa = PBXBuildFile; fileRef = 5AD32409290D249A00D9D57D /* VFXBokehPatternParticle.m */; };
		5AD3245E290D249B00D9D57D /* VFXCosmosParticle.m in Sources */ = {isa = PBXBuildFile; fileRef = 5AD3240A290D249A00D9D57D /* VFXCosmosParticle.m */; };
		5AD3245F290D249B00D9D57D /* VFXFlyBubbleParticle.h in Headers */ = {isa = PBXBuildFile; fileRef = 5AD3240B290D249A00D9D57D /* VFXFlyBubbleParticle.h */; };
		5AD32460290D249B00D9D57D /* VFXLiquidParticle.h in Headers */ = {isa = PBXBuildFile; fileRef = 5AD3240C290D249A00D9D57D /* VFXLiquidParticle.h */; };
		5AD32461290D249B00D9D57D /* VFXFloatCircleParticle.m in Sources */ = {isa = PBXBuildFile; fileRef = 5AD3240D290D249A00D9D57D /* VFXFloatCircleParticle.m */; };
		5AD32462290D249B00D9D57D /* VFXContourParticle.m in Sources */ = {isa = PBXBuildFile; fileRef = 5AD3240E290D249A00D9D57D /* VFXContourParticle.m */; };
		5AD32463290D249B00D9D57D /* VFXSnowViewParticle.h in Headers */ = {isa = PBXBuildFile; fileRef = 5AD3240F290D249A00D9D57D /* VFXSnowViewParticle.h */; };
		5AD32464290D249B00D9D57D /* VFXBubblyParticle.h in Headers */ = {isa = PBXBuildFile; fileRef = 5AD32410290D249A00D9D57D /* VFXBubblyParticle.h */; };
		5AD32465290D249B00D9D57D /* VFXBokehPatternParticle.h in Headers */ = {isa = PBXBuildFile; fileRef = 5AD32411290D249A00D9D57D /* VFXBokehPatternParticle.h */; };
		5AD32466290D249B00D9D57D /* VFXRainParticle.m in Sources */ = {isa = PBXBuildFile; fileRef = 5AD32412290D249A00D9D57D /* VFXRainParticle.m */; };
		5AD32467290D249B00D9D57D /* VFXAntigravityFlowParticle.h in Headers */ = {isa = PBXBuildFile; fileRef = 5AD32413290D249A00D9D57D /* VFXAntigravityFlowParticle.h */; };
		5AD32468290D249B00D9D57D /* VFXMidnightSnowParticle.m in Sources */ = {isa = PBXBuildFile; fileRef = 5AD32414290D249A00D9D57D /* VFXMidnightSnowParticle.m */; };
		5AD32469290D249B00D9D57D /* VFXAmuletParticle.h in Headers */ = {isa = PBXBuildFile; fileRef = 5AD32415290D249A00D9D57D /* VFXAmuletParticle.h */; };
		5AD3246A290D249B00D9D57D /* VFXSVGParticle.m in Sources */ = {isa = PBXBuildFile; fileRef = 5AD32416290D249A00D9D57D /* VFXSVGParticle.m */; };
		5AD3246B290D249B00D9D57D /* VFX2DParticle.h in Headers */ = {isa = PBXBuildFile; fileRef = 5AD32417290D249A00D9D57D /* VFX2DParticle.h */; };
		5AD3246C290D249B00D9D57D /* VFXLiquidParticle.m in Sources */ = {isa = PBXBuildFile; fileRef = 5AD32418290D249A00D9D57D /* VFXLiquidParticle.m */; };
		5AD3246D290D249B00D9D57D /* VFXFlyBubbleParticle.m in Sources */ = {isa = PBXBuildFile; fileRef = 5AD32419290D249A00D9D57D /* VFXFlyBubbleParticle.m */; };
		5AD3246E290D249B00D9D57D /* VFXCosmosParticle.h in Headers */ = {isa = PBXBuildFile; fileRef = 5AD3241A290D249A00D9D57D /* VFXCosmosParticle.h */; };
		5AD3246F290D249B00D9D57D /* VFXFloatCircleParticle.h in Headers */ = {isa = PBXBuildFile; fileRef = 5AD3241B290D249A00D9D57D /* VFXFloatCircleParticle.h */; };
		5AD32470290D249B00D9D57D /* VFXBubblyParticle.m in Sources */ = {isa = PBXBuildFile; fileRef = 5AD3241C290D249A00D9D57D /* VFXBubblyParticle.m */; };
		5AD32471290D249B00D9D57D /* VFXParticle.h in Headers */ = {isa = PBXBuildFile; fileRef = 5AD3241D290D249A00D9D57D /* VFXParticle.h */; };
		5AD32472290D249B00D9D57D /* VFXSnowViewParticle.m in Sources */ = {isa = PBXBuildFile; fileRef = 5AD3241E290D249A00D9D57D /* VFXSnowViewParticle.m */; };
		5AD32473290D249B00D9D57D /* VFXContourParticle.h in Headers */ = {isa = PBXBuildFile; fileRef = 5AD3241F290D249A00D9D57D /* VFXContourParticle.h */; };
		5AD32475290D249B00D9D57D /* UIImage+VFX.h in Headers */ = {isa = PBXBuildFile; fileRef = 5AD32423290D249A00D9D57D /* UIImage+VFX.h */; };
		5AD32476290D249B00D9D57D /* UIColor+VFX.m in Sources */ = {isa = PBXBuildFile; fileRef = 5AD32424290D249A00D9D57D /* UIColor+VFX.m */; };
		5AD32477290D249B00D9D57D /* UIBezierPath+VFX.h in Headers */ = {isa = PBXBuildFile; fileRef = 5AD32425290D249A00D9D57D /* UIBezierPath+VFX.h */; };
		5AD32478290D249B00D9D57D /* UIView+VFX.m in Sources */ = {isa = PBXBuildFile; fileRef = 5AD32426290D249A00D9D57D /* UIView+VFX.m */; };
		5AD32479290D249B00D9D57D /* UIBezierPath+VFX.m in Sources */ = {isa = PBXBuildFile; fileRef = 5AD32427290D249A00D9D57D /* UIBezierPath+VFX.m */; };
		5AD3247A290D249B00D9D57D /* UIColor+VFX.h in Headers */ = {isa = PBXBuildFile; fileRef = 5AD32428290D249A00D9D57D /* UIColor+VFX.h */; };
		5AD3247B290D249B00D9D57D /* UIImage+VFX.m in Sources */ = {isa = PBXBuildFile; fileRef = 5AD32429290D249A00D9D57D /* UIImage+VFX.m */; };
		5AD3247C290D249B00D9D57D /* UIView+VFX.h in Headers */ = {isa = PBXBuildFile; fileRef = 5AD3242A290D249A00D9D57D /* UIView+VFX.h */; };
		5AD3247D290D249B00D9D57D /* NSError+VFX.h in Headers */ = {isa = PBXBuildFile; fileRef = 5AD3242C290D249A00D9D57D /* NSError+VFX.h */; };
		5AD3247E290D249B00D9D57D /* NSArray+VFX.h in Headers */ = {isa = PBXBuildFile; fileRef = 5AD3242D290D249A00D9D57D /* NSArray+VFX.h */; };
		5AD3247F290D249B00D9D57D /* NSMutableArray+VFX.m in Sources */ = {isa = PBXBuildFile; fileRef = 5AD3242E290D249A00D9D57D /* NSMutableArray+VFX.m */; };
		5AD32480290D249B00D9D57D /* NSNumber+VFX.h in Headers */ = {isa = PBXBuildFile; fileRef = 5AD3242F290D249A00D9D57D /* NSNumber+VFX.h */; };
		5AD32481290D249B00D9D57D /* NSMutableArray+VFX.h in Headers */ = {isa = PBXBuildFile; fileRef = 5AD32430290D249A00D9D57D /* NSMutableArray+VFX.h */; };
		5AD32482290D249B00D9D57D /* NSArray+VFX.m in Sources */ = {isa = PBXBuildFile; fileRef = 5AD32431290D249A00D9D57D /* NSArray+VFX.m */; };
		5AD32483290D249B00D9D57D /* NSError+VFX.m in Sources */ = {isa = PBXBuildFile; fileRef = 5AD32432290D249A00D9D57D /* NSError+VFX.m */; };
		5AD32484290D249B00D9D57D /* NSNumber+VFX.m in Sources */ = {isa = PBXBuildFile; fileRef = 5AD32433290D249A00D9D57D /* NSNumber+VFX.m */; };
		5AD32485290D249B00D9D57D /* iOSVFX.h in Headers */ = {isa = PBXBuildFile; fileRef = 5AD32434290D249A00D9D57D /* iOSVFX.h */; };
/* End PBXBuildFile section */

/* Begin PBXContainerItemProxy section */
		5A4308C625162C8400684820 /* PBXContainerItemProxy */ = {
			isa = PBXContainerItemProxy;
			containerPortal = 5A4308B225162C8400684820 /* Project object */;
			proxyType = 1;
			remoteGlobalIDString = 5A4308BA25162C8400684820;
			remoteInfo = VFXView;
		};
		5A4309042516384900684820 /* PBXContainerItemProxy */ = {
			isa = PBXContainerItemProxy;
			containerPortal = 5A4308B225162C8400684820 /* Project object */;
			proxyType = 1;
			remoteGlobalIDString = 5A4308ED2516384500684820;
			remoteInfo = VFXViewExample;
		};
		5A43090F2516384900684820 /* PBXContainerItemProxy */ = {
			isa = PBXContainerItemProxy;
			containerPortal = 5A4308B225162C8400684820 /* Project object */;
			proxyType = 1;
			remoteGlobalIDString = 5A4308ED2516384500684820;
			remoteInfo = VFXViewExample;
		};
/* End PBXContainerItemProxy section */

/* Begin PBXFileReference section */
		5A4308BB25162C8400684820 /* VFXView.framework */ = {isa = PBXFileReference; explicitFileType = wrapper.framework; includeInIndex = 0; path = VFXView.framework; sourceTree = BUILT_PRODUCTS_DIR; };
		5A4308BE25162C8400684820 /* VFXView.h */ = {isa = PBXFileReference; lastKnownFileType = sourcecode.c.h; path = VFXView.h; sourceTree = "<group>"; };
		5A4308BF25162C8400684820 /* Info.plist */ = {isa = PBXFileReference; lastKnownFileType = text.plist.xml; path = Info.plist; sourceTree = "<group>"; };
		5A4308C425162C8400684820 /* VFXViewTests.xctest */ = {isa = PBXFileReference; explicitFileType = wrapper.cfbundle; includeInIndex = 0; path = VFXViewTests.xctest; sourceTree = BUILT_PRODUCTS_DIR; };
		5A4308C925162C8400684820 /* VFXViewTests.swift */ = {isa = PBXFileReference; lastKnownFileType = sourcecode.swift; path = VFXViewTests.swift; sourceTree = "<group>"; };
		5A4308CB25162C8400684820 /* Info.plist */ = {isa = PBXFileReference; lastKnownFileType = text.plist.xml; path = Info.plist; sourceTree = "<group>"; };
		5A4308D825162CA600684820 /* VFXLayout.swift */ = {isa = PBXFileReference; lastKnownFileType = sourcecode.swift; path = VFXLayout.swift; sourceTree = "<group>"; };
		5A4308DD25162E2400684820 /* VFXView.swift */ = {isa = PBXFileReference; lastKnownFileType = sourcecode.swift; path = VFXView.swift; sourceTree = "<group>"; };
		5A4308E32516315300684820 /* VFXSnowView.swift */ = {isa = PBXFileReference; lastKnownFileType = sourcecode.swift; path = VFXSnowView.swift; sourceTree = "<group>"; };
		5A4308EE2516384500684820 /* VFXViewExample.app */ = {isa = PBXFileReference; explicitFileType = wrapper.application; includeInIndex = 0; path = VFXViewExample.app; sourceTree = BUILT_PRODUCTS_DIR; };
		5A4308F02516384500684820 /* AppDelegate.swift */ = {isa = PBXFileReference; lastKnownFileType = sourcecode.swift; path = AppDelegate.swift; sourceTree = "<group>"; };
		5A4308F22516384500684820 /* SceneDelegate.swift */ = {isa = PBXFileReference; lastKnownFileType = sourcecode.swift; path = SceneDelegate.swift; sourceTree = "<group>"; };
		5A4308F42516384500684820 /* ViewController.swift */ = {isa = PBXFileReference; lastKnownFileType = sourcecode.swift; path = ViewController.swift; sourceTree = "<group>"; };
		5A4308F72516384500684820 /* Base */ = {isa = PBXFileReference; lastKnownFileType = file.storyboard; name = Base; path = Base.lproj/Main.storyboard; sourceTree = "<group>"; };
		5A4308F92516384800684820 /* Assets.xcassets */ = {isa = PBXFileReference; lastKnownFileType = folder.assetcatalog; path = Assets.xcassets; sourceTree = "<group>"; };
		5A4308FC2516384800684820 /* Base */ = {isa = PBXFileReference; lastKnownFileType = file.storyboard; name = Base; path = Base.lproj/LaunchScreen.storyboard; sourceTree = "<group>"; };
		5A4308FE2516384800684820 /* Info.plist */ = {isa = PBXFileReference; lastKnownFileType = text.plist.xml; path = Info.plist; sourceTree = "<group>"; };
		5A4309032516384900684820 /* VFXViewExampleTests.xctest */ = {isa = PBXFileReference; explicitFileType = wrapper.cfbundle; includeInIndex = 0; path = VFXViewExampleTests.xctest; sourceTree = BUILT_PRODUCTS_DIR; };
		5A4309072516384900684820 /* VFXViewExampleTests.swift */ = {isa = PBXFileReference; lastKnownFileType = sourcecode.swift; path = VFXViewExampleTests.swift; sourceTree = "<group>"; };
		5A4309092516384900684820 /* Info.plist */ = {isa = PBXFileReference; lastKnownFileType = text.plist.xml; path = Info.plist; sourceTree = "<group>"; };
		5A43090E2516384900684820 /* VFXViewExampleUITests.xctest */ = {isa = PBXFileReference; explicitFileType = wrapper.cfbundle; includeInIndex = 0; path = VFXViewExampleUITests.xctest; sourceTree = BUILT_PRODUCTS_DIR; };
		5A4309122516384900684820 /* VFXViewExampleUITests.swift */ = {isa = PBXFileReference; lastKnownFileType = sourcecode.swift; path = VFXViewExampleUITests.swift; sourceTree = "<group>"; };
		5A4309142516384900684820 /* Info.plist */ = {isa = PBXFileReference; lastKnownFileType = text.plist.xml; path = Info.plist; sourceTree = "<group>"; };
		5AC3EB9F25189E7A00D8C208 /* VFXParticleModel.swift */ = {isa = PBXFileReference; lastKnownFileType = sourcecode.swift; path = VFXParticleModel.swift; sourceTree = "<group>"; };
		5AC3EBA725189FAB00D8C208 /* Number+VFX.swift */ = {isa = PBXFileReference; lastKnownFileType = sourcecode.swift; path = "Number+VFX.swift"; sourceTree = "<group>"; };
		5AC3EBAF2518AA1F00D8C208 /* Color.swift */ = {isa = PBXFileReference; lastKnownFileType = sourcecode.swift; path = Color.swift; sourceTree = "<group>"; };
		5AD323DC290D249A00D9D57D /* VFXLinearGradientLayer.h */ = {isa = PBXFileReference; fileEncoding = 4; lastKnownFileType = sourcecode.c.h; path = VFXLinearGradientLayer.h; sourceTree = "<group>"; };
		5AD323DD290D249A00D9D57D /* VFXLinearGradientLayer.m */ = {isa = PBXFileReference; fileEncoding = 4; lastKnownFileType = sourcecode.c.objc; path = VFXLinearGradientLayer.m; sourceTree = "<group>"; };
		5AD323DF290D249A00D9D57D /* VFXLiquidView.m */ = {isa = PBXFileReference; fileEncoding = 4; lastKnownFileType = sourcecode.c.objc; path = VFXLiquidView.m; sourceTree = "<group>"; };
		5AD323E0290D249A00D9D57D /* VFXAntigravityFlowView.m */ = {isa = PBXFileReference; fileEncoding = 4; lastKnownFileType = sourcecode.c.objc; path = VFXAntigravityFlowView.m; sourceTree = "<group>"; };
		5AD323E1290D249A00D9D57D /* VFXCosmosView.h */ = {isa = PBXFileReference; fileEncoding = 4; lastKnownFileType = sourcecode.c.h; path = VFXCosmosView.h; sourceTree = "<group>"; };
		5AD323E2290D249A00D9D57D /* VFXRainView.m */ = {isa = PBXFileReference; fileEncoding = 4; lastKnownFileType = sourcecode.c.objc; path = VFXRainView.m; sourceTree = "<group>"; };
		5AD323E3290D249A00D9D57D /* VFXContourView.h */ = {isa = PBXFileReference; fileEncoding = 4; lastKnownFileType = sourcecode.c.h; path = VFXContourView.h; sourceTree = "<group>"; };
		5AD323E4290D249A00D9D57D /* VFXBubblyView.h */ = {isa = PBXFileReference; fileEncoding = 4; lastKnownFileType = sourcecode.c.h; path = VFXBubblyView.h; sourceTree = "<group>"; };
		5AD323E5290D249A00D9D57D /* VFXRipleView.m */ = {isa = PBXFileReference; fileEncoding = 4; lastKnownFileType = sourcecode.c.objc; path = VFXRipleView.m; sourceTree = "<group>"; };
		5AD323E6290D249A00D9D57D /* VFXFlyBubbleView.m */ = {isa = PBXFileReference; fileEncoding = 4; lastKnownFileType = sourcecode.c.objc; path = VFXFlyBubbleView.m; sourceTree = "<group>"; };
		5AD323E7290D249A00D9D57D /* VFXSnowView.h */ = {isa = PBXFileReference; fileEncoding = 4; lastKnownFileType = sourcecode.c.h; path = VFXSnowView.h; sourceTree = "<group>"; };
		5AD323E8290D249A00D9D57D /* VFXView.h */ = {isa = PBXFileReference; fileEncoding = 4; lastKnownFileType = sourcecode.c.h; path = VFXView.h; sourceTree = "<group>"; };
		5AD323E9290D249A00D9D57D /* VFXMidnightSnowView.h */ = {isa = PBXFileReference; fileEncoding = 4; lastKnownFileType = sourcecode.c.h; path = VFXMidnightSnowView.h; sourceTree = "<group>"; };
		5AD323EA290D249A00D9D57D /* VFXBokehPatternView.h */ = {isa = PBXFileReference; fileEncoding = 4; lastKnownFileType = sourcecode.c.h; path = VFXBokehPatternView.h; sourceTree = "<group>"; };
		5AD323EB290D249A00D9D57D /* VFXLiquidView.h */ = {isa = PBXFileReference; fileEncoding = 4; lastKnownFileType = sourcecode.c.h; path = VFXLiquidView.h; sourceTree = "<group>"; };
		5AD323EC290D249A00D9D57D /* VFXRipleView.h */ = {isa = PBXFileReference; fileEncoding = 4; lastKnownFileType = sourcecode.c.h; path = VFXRipleView.h; sourceTree = "<group>"; };
		5AD323ED290D249A00D9D57D /* VFXRainView.h */ = {isa = PBXFileReference; fileEncoding = 4; lastKnownFileType = sourcecode.c.h; path = VFXRainView.h; sourceTree = "<group>"; };
		5AD323EE290D249A00D9D57D /* VFXContourView.m */ = {isa = PBXFileReference; fileEncoding = 4; lastKnownFileType = sourcecode.c.objc; path = VFXContourView.m; sourceTree = "<group>"; };
		5AD323EF290D249A00D9D57D /* VFXBubblyView.m */ = {isa = PBXFileReference; fileEncoding = 4; lastKnownFileType = sourcecode.c.objc; path = VFXBubblyView.m; sourceTree = "<group>"; };
		5AD323F0290D249A00D9D57D /* VFXCosmosView.m */ = {isa = PBXFileReference; fileEncoding = 4; lastKnownFileType = sourcecode.c.objc; path = VFXCosmosView.m; sourceTree = "<group>"; };
		5AD323F1290D249A00D9D57D /* VFXAntigravityFlowView.h */ = {isa = PBXFileReference; fileEncoding = 4; lastKnownFileType = sourcecode.c.h; path = VFXAntigravityFlowView.h; sourceTree = "<group>"; };
		5AD323F2290D249A00D9D57D /* VFXView.m */ = {isa = PBXFileReference; fileEncoding = 4; lastKnownFileType = sourcecode.c.objc; path = VFXView.m; sourceTree = "<group>"; };
		5AD323F3290D249A00D9D57D /* VFXSnowView.m */ = {isa = PBXFileReference; fileEncoding = 4; lastKnownFileType = sourcecode.c.objc; path = VFXSnowView.m; sourceTree = "<group>"; };
		5AD323F4290D249A00D9D57D /* VFXFlyBubbleView.h */ = {isa = PBXFileReference; fileEncoding = 4; lastKnownFileType = sourcecode.c.h; path = VFXFlyBubbleView.h; sourceTree = "<group>"; };
		5AD323F5290D249A00D9D57D /* VFXBokehPatternView.m */ = {isa = PBXFileReference; fileEncoding = 4; lastKnownFileType = sourcecode.c.objc; path = VFXBokehPatternView.m; sourceTree = "<group>"; };
		5AD323F6290D249A00D9D57D /* VFXMidnightSnowView.m */ = {isa = PBXFileReference; fileEncoding = 4; lastKnownFileType = sourcecode.c.objc; path = VFXMidnightSnowView.m; sourceTree = "<group>"; };
		5AD323F8290D249A00D9D57D /* LinearGradient.m */ = {isa = PBXFileReference; fileEncoding = 4; lastKnownFileType = sourcecode.c.objc; path = LinearGradient.m; sourceTree = "<group>"; };
		5AD323F9290D249A00D9D57D /* LinearGradient.h */ = {isa = PBXFileReference; fileEncoding = 4; lastKnownFileType = sourcecode.c.h; path = LinearGradient.h; sourceTree = "<group>"; };
		5AD323FC290D249A00D9D57D /* VFXPoint.h */ = {isa = PBXFileReference; fileEncoding = 4; lastKnownFileType = sourcecode.c.h; path = VFXPoint.h; sourceTree = "<group>"; };
		5AD323FD290D249A00D9D57D /* VFXImage.m */ = {isa = PBXFileReference; fileEncoding = 4; lastKnownFileType = sourcecode.c.objc; path = VFXImage.m; sourceTree = "<group>"; };
		5AD323FE290D249A00D9D57D /* VFXContext.m */ = {isa = PBXFileReference; fileEncoding = 4; lastKnownFileType = sourcecode.c.objc; path = VFXContext.m; sourceTree = "<group>"; };
		5AD323FF290D249A00D9D57D /* VFXPoint.m */ = {isa = PBXFileReference; fileEncoding = 4; lastKnownFileType = sourcecode.c.objc; path = VFXPoint.m; sourceTree = "<group>"; };
		5AD32400290D249A00D9D57D /* VFXImage.h */ = {isa = PBXFileReference; fileEncoding = 4; lastKnownFileType = sourcecode.c.h; path = VFXImage.h; sourceTree = "<group>"; };
		5AD32401290D249A00D9D57D /* VFXContext.h */ = {isa = PBXFileReference; fileEncoding = 4; lastKnownFileType = sourcecode.c.h; path = VFXContext.h; sourceTree = "<group>"; };
		5AD32403290D249A00D9D57D /* VFXSVGParticle.h */ = {isa = PBXFileReference; fileEncoding = 4; lastKnownFileType = sourcecode.c.h; path = VFXSVGParticle.h; sourceTree = "<group>"; };
		5AD32404290D249A00D9D57D /* VFX2DParticle.m */ = {isa = PBXFileReference; fileEncoding = 4; lastKnownFileType = sourcecode.c.objc; path = VFX2DParticle.m; sourceTree = "<group>"; };
		5AD32405290D249A00D9D57D /* VFXAmuletParticle.m */ = {isa = PBXFileReference; fileEncoding = 4; lastKnownFileType = sourcecode.c.objc; path = VFXAmuletParticle.m; sourceTree = "<group>"; };
		5AD32406290D249A00D9D57D /* VFXMidnightSnowParticle.h */ = {isa = PBXFileReference; fileEncoding = 4; lastKnownFileType = sourcecode.c.h; path = VFXMidnightSnowParticle.h; sourceTree = "<group>"; };
		5AD32407290D249A00D9D57D /* VFXAntigravityFlowParticle.m */ = {isa = PBXFileReference; fileEncoding = 4; lastKnownFileType = sourcecode.c.objc; path = VFXAntigravityFlowParticle.m; sourceTree = "<group>"; };
		5AD32408290D249A00D9D57D /* VFXRainParticle.h */ = {isa = PBXFileReference; fileEncoding = 4; lastKnownFileType = sourcecode.c.h; path = VFXRainParticle.h; sourceTree = "<group>"; };
		5AD32409290D249A00D9D57D /* VFXBokehPatternParticle.m */ = {isa = PBXFileReference; fileEncoding = 4; lastKnownFileType = sourcecode.c.objc; path = VFXBokehPatternParticle.m; sourceTree = "<group>"; };
		5AD3240A290D249A00D9D57D /* VFXCosmosParticle.m */ = {isa = PBXFileReference; fileEncoding = 4; lastKnownFileType = sourcecode.c.objc; path = VFXCosmosParticle.m; sourceTree = "<group>"; };
		5AD3240B290D249A00D9D57D /* VFXFlyBubbleParticle.h */ = {isa = PBXFileReference; fileEncoding = 4; lastKnownFileType = sourcecode.c.h; path = VFXFlyBubbleParticle.h; sourceTree = "<group>"; };
		5AD3240C290D249A00D9D57D /* VFXLiquidParticle.h */ = {isa = PBXFileReference; fileEncoding = 4; lastKnownFileType = sourcecode.c.h; path = VFXLiquidParticle.h; sourceTree = "<group>"; };
		5AD3240D290D249A00D9D57D /* VFXFloatCircleParticle.m */ = {isa = PBXFileReference; fileEncoding = 4; lastKnownFileType = sourcecode.c.objc; path = VFXFloatCircleParticle.m; sourceTree = "<group>"; };
		5AD3240E290D249A00D9D57D /* VFXContourParticle.m */ = {isa = PBXFileReference; fileEncoding = 4; lastKnownFileType = sourcecode.c.objc; path = VFXContourParticle.m; sourceTree = "<group>"; };
		5AD3240F290D249A00D9D57D /* VFXSnowViewParticle.h */ = {isa = PBXFileReference; fileEncoding = 4; lastKnownFileType = sourcecode.c.h; path = VFXSnowViewParticle.h; sourceTree = "<group>"; };
		5AD32410290D249A00D9D57D /* VFXBubblyParticle.h */ = {isa = PBXFileReference; fileEncoding = 4; lastKnownFileType = sourcecode.c.h; path = VFXBubblyParticle.h; sourceTree = "<group>"; };
		5AD32411290D249A00D9D57D /* VFXBokehPatternParticle.h */ = {isa = PBXFileReference; fileEncoding = 4; lastKnownFileType = sourcecode.c.h; path = VFXBokehPatternParticle.h; sourceTree = "<group>"; };
		5AD32412290D249A00D9D57D /* VFXRainParticle.m */ = {isa = PBXFileReference; fileEncoding = 4; lastKnownFileType = sourcecode.c.objc; path = VFXRainParticle.m; sourceTree = "<group>"; };
		5AD32413290D249A00D9D57D /* VFXAntigravityFlowParticle.h */ = {isa = PBXFileReference; fileEncoding = 4; lastKnownFileType = sourcecode.c.h; path = VFXAntigravityFlowParticle.h; sourceTree = "<group>"; };
		5AD32414290D249A00D9D57D /* VFXMidnightSnowParticle.m */ = {isa = PBXFileReference; fileEncoding = 4; lastKnownFileType = sourcecode.c.objc; path = VFXMidnightSnowParticle.m; sourceTree = "<group>"; };
		5AD32415290D249A00D9D57D /* VFXAmuletParticle.h */ = {isa = PBXFileReference; fileEncoding = 4; lastKnownFileType = sourcecode.c.h; path = VFXAmuletParticle.h; sourceTree = "<group>"; };
		5AD32416290D249A00D9D57D /* VFXSVGParticle.m */ = {isa = PBXFileReference; fileEncoding = 4; lastKnownFileType = sourcecode.c.objc; path = VFXSVGParticle.m; sourceTree = "<group>"; };
		5AD32417290D249A00D9D57D /* VFX2DParticle.h */ = {isa = PBXFileReference; fileEncoding = 4; lastKnownFileType = sourcecode.c.h; path = VFX2DParticle.h; sourceTree = "<group>"; };
		5AD32418290D249A00D9D57D /* VFXLiquidParticle.m */ = {isa = PBXFileReference; fileEncoding = 4; lastKnownFileType = sourcecode.c.objc; path = VFXLiquidParticle.m; sourceTree = "<group>"; };
		5AD32419290D249A00D9D57D /* VFXFlyBubbleParticle.m */ = {isa = PBXFileReference; fileEncoding = 4; lastKnownFileType = sourcecode.c.objc; path = VFXFlyBubbleParticle.m; sourceTree = "<group>"; };
		5AD3241A290D249A00D9D57D /* VFXCosmosParticle.h */ = {isa = PBXFileReference; fileEncoding = 4; lastKnownFileType = sourcecode.c.h; path = VFXCosmosParticle.h; sourceTree = "<group>"; };
		5AD3241B290D249A00D9D57D /* VFXFloatCircleParticle.h */ = {isa = PBXFileReference; fileEncoding = 4; lastKnownFileType = sourcecode.c.h; path = VFXFloatCircleParticle.h; sourceTree = "<group>"; };
		5AD3241C290D249A00D9D57D /* VFXBubblyParticle.m */ = {isa = PBXFileReference; fileEncoding = 4; lastKnownFileType = sourcecode.c.objc; path = VFXBubblyParticle.m; sourceTree = "<group>"; };
		5AD3241D290D249A00D9D57D /* VFXParticle.h */ = {isa = PBXFileReference; fileEncoding = 4; lastKnownFileType = sourcecode.c.h; path = VFXParticle.h; sourceTree = "<group>"; };
		5AD3241E290D249A00D9D57D /* VFXSnowViewParticle.m */ = {isa = PBXFileReference; fileEncoding = 4; lastKnownFileType = sourcecode.c.objc; path = VFXSnowViewParticle.m; sourceTree = "<group>"; };
		5AD3241F290D249A00D9D57D /* VFXContourParticle.h */ = {isa = PBXFileReference; fileEncoding = 4; lastKnownFileType = sourcecode.c.h; path = VFXContourParticle.h; sourceTree = "<group>"; };
		5AD32423290D249A00D9D57D /* UIImage+VFX.h */ = {isa = PBXFileReference; fileEncoding = 4; lastKnownFileType = sourcecode.c.h; path = "UIImage+VFX.h"; sourceTree = "<group>"; };
		5AD32424290D249A00D9D57D /* UIColor+VFX.m */ = {isa = PBXFileReference; fileEncoding = 4; lastKnownFileType = sourcecode.c.objc; path = "UIColor+VFX.m"; sourceTree = "<group>"; };
		5AD32425290D249A00D9D57D /* UIBezierPath+VFX.h */ = {isa = PBXFileReference; fileEncoding = 4; lastKnownFileType = sourcecode.c.h; path = "UIBezierPath+VFX.h"; sourceTree = "<group>"; };
		5AD32426290D249A00D9D57D /* UIView+VFX.m */ = {isa = PBXFileReference; fileEncoding = 4; lastKnownFileType = sourcecode.c.objc; path = "UIView+VFX.m"; sourceTree = "<group>"; };
		5AD32427290D249A00D9D57D /* UIBezierPath+VFX.m */ = {isa = PBXFileReference; fileEncoding = 4; lastKnownFileType = sourcecode.c.objc; path = "UIBezierPath+VFX.m"; sourceTree = "<group>"; };
		5AD32428290D249A00D9D57D /* UIColor+VFX.h */ = {isa = PBXFileReference; fileEncoding = 4; lastKnownFileType = sourcecode.c.h; path = "UIColor+VFX.h"; sourceTree = "<group>"; };
		5AD32429290D249A00D9D57D /* UIImage+VFX.m */ = {isa = PBXFileReference; fileEncoding = 4; lastKnownFileType = sourcecode.c.objc; path = "UIImage+VFX.m"; sourceTree = "<group>"; };
		5AD3242A290D249A00D9D57D /* UIView+VFX.h */ = {isa = PBXFileReference; fileEncoding = 4; lastKnownFileType = sourcecode.c.h; path = "UIView+VFX.h"; sourceTree = "<group>"; };
		5AD3242C290D249A00D9D57D /* NSError+VFX.h */ = {isa = PBXFileReference; fileEncoding = 4; lastKnownFileType = sourcecode.c.h; path = "NSError+VFX.h"; sourceTree = "<group>"; };
		5AD3242D290D249A00D9D57D /* NSArray+VFX.h */ = {isa = PBXFileReference; fileEncoding = 4; lastKnownFileType = sourcecode.c.h; path = "NSArray+VFX.h"; sourceTree = "<group>"; };
		5AD3242E290D249A00D9D57D /* NSMutableArray+VFX.m */ = {isa = PBXFileReference; fileEncoding = 4; lastKnownFileType = sourcecode.c.objc; path = "NSMutableArray+VFX.m"; sourceTree = "<group>"; };
		5AD3242F290D249A00D9D57D /* NSNumber+VFX.h */ = {isa = PBXFileReference; fileEncoding = 4; lastKnownFileType = sourcecode.c.h; path = "NSNumber+VFX.h"; sourceTree = "<group>"; };
		5AD32430290D249A00D9D57D /* NSMutableArray+VFX.h */ = {isa = PBXFileReference; fileEncoding = 4; lastKnownFileType = sourcecode.c.h; path = "NSMutableArray+VFX.h"; sourceTree = "<group>"; };
		5AD32431290D249A00D9D57D /* NSArray+VFX.m */ = {isa = PBXFileReference; fileEncoding = 4; lastKnownFileType = sourcecode.c.objc; path = "NSArray+VFX.m"; sourceTree = "<group>"; };
		5AD32432290D249A00D9D57D /* NSError+VFX.m */ = {isa = PBXFileReference; fileEncoding = 4; lastKnownFileType = sourcecode.c.objc; path = "NSError+VFX.m"; sourceTree = "<group>"; };
		5AD32433290D249A00D9D57D /* NSNumber+VFX.m */ = {isa = PBXFileReference; fileEncoding = 4; lastKnownFileType = sourcecode.c.objc; path = "NSNumber+VFX.m"; sourceTree = "<group>"; };
		5AD32434290D249A00D9D57D /* iOSVFX.h */ = {isa = PBXFileReference; fileEncoding = 4; lastKnownFileType = sourcecode.c.h; path = iOSVFX.h; sourceTree = "<group>"; };
/* End PBXFileReference section */

/* Begin PBXFrameworksBuildPhase section */
		5A4308B825162C8400684820 /* Frameworks */ = {
			isa = PBXFrameworksBuildPhase;
			buildActionMask = 2147483647;
			files = (
			);
			runOnlyForDeploymentPostprocessing = 0;
		};
		5A4308C125162C8400684820 /* Frameworks */ = {
			isa = PBXFrameworksBuildPhase;
			buildActionMask = 2147483647;
			files = (
				5A4308C525162C8400684820 /* VFXView.framework in Frameworks */,
			);
			runOnlyForDeploymentPostprocessing = 0;
		};
		5A4308EB2516384500684820 /* Frameworks */ = {
			isa = PBXFrameworksBuildPhase;
			buildActionMask = 2147483647;
			files = (
				5A4309292516470B00684820 /* VFXView.framework in Frameworks */,
			);
			runOnlyForDeploymentPostprocessing = 0;
		};
		5A4309002516384900684820 /* Frameworks */ = {
			isa = PBXFrameworksBuildPhase;
			buildActionMask = 2147483647;
			files = (
			);
			runOnlyForDeploymentPostprocessing = 0;
		};
		5A43090B2516384900684820 /* Frameworks */ = {
			isa = PBXFrameworksBuildPhase;
			buildActionMask = 2147483647;
			files = (
			);
			runOnlyForDeploymentPostprocessing = 0;
		};
/* End PBXFrameworksBuildPhase section */

/* Begin PBXGroup section */
		5A4308B125162C8400684820 = {
			isa = PBXGroup;
			children = (
				5A4308BD25162C8400684820 /* VFXView */,
				5A4308C825162C8400684820 /* VFXViewTests */,
				5A4308EF2516384500684820 /* VFXViewExample */,
				5A4309062516384900684820 /* VFXViewExampleTests */,
				5A4309112516384900684820 /* VFXViewExampleUITests */,
				5A4308BC25162C8400684820 /* Products */,
				5A4309282516470B00684820 /* Frameworks */,
			);
			sourceTree = "<group>";
		};
		5A4308BC25162C8400684820 /* Products */ = {
			isa = PBXGroup;
			children = (
				5A4308BB25162C8400684820 /* VFXView.framework */,
				5A4308C425162C8400684820 /* VFXViewTests.xctest */,
				5A4308EE2516384500684820 /* VFXViewExample.app */,
				5A4309032516384900684820 /* VFXViewExampleTests.xctest */,
				5A43090E2516384900684820 /* VFXViewExampleUITests.xctest */,
			);
			name = Products;
			sourceTree = "<group>";
		};
		5A4308BD25162C8400684820 /* VFXView */ = {
			isa = PBXGroup;
			children = (
				5AD323D9290D246000D9D57D /* iOSVFX */,
				5A4308E72516333000684820 /* Common */,
				5A4308DC25162E0500684820 /* View */,
				5A4308D725162C9400684820 /* Layout */,
				5A4308BE25162C8400684820 /* VFXView.h */,
				5A4308BF25162C8400684820 /* Info.plist */,
			);
			path = VFXView;
			sourceTree = "<group>";
		};
		5A4308C825162C8400684820 /* VFXViewTests */ = {
			isa = PBXGroup;
			children = (
				5A4308C925162C8400684820 /* VFXViewTests.swift */,
				5A4308CB25162C8400684820 /* Info.plist */,
			);
			path = VFXViewTests;
			sourceTree = "<group>";
		};
		5A4308D725162C9400684820 /* Layout */ = {
			isa = PBXGroup;
			children = (
				5A4308D825162CA600684820 /* VFXLayout.swift */,
			);
			path = Layout;
			sourceTree = "<group>";
		};
		5A4308DC25162E0500684820 /* View */ = {
			isa = PBXGroup;
			children = (
				5A4308DD25162E2400684820 /* VFXView.swift */,
				5A4308E32516315300684820 /* VFXSnowView.swift */,
			);
			path = View;
			sourceTree = "<group>";
		};
		5A4308E72516333000684820 /* Common */ = {
			isa = PBXGroup;
			children = (
				5AC3EB9F25189E7A00D8C208 /* VFXParticleModel.swift */,
				5AC3EBA725189FAB00D8C208 /* Number+VFX.swift */,
				5AC3EBAF2518AA1F00D8C208 /* Color.swift */,
			);
			path = Common;
			sourceTree = "<group>";
		};
		5A4308EF2516384500684820 /* VFXViewExample */ = {
			isa = PBXGroup;
			children = (
				5A4308F02516384500684820 /* AppDelegate.swift */,
				5A4308F22516384500684820 /* SceneDelegate.swift */,
				5A4308F42516384500684820 /* ViewController.swift */,
				5A4308F62516384500684820 /* Main.storyboard */,
				5A4308F92516384800684820 /* Assets.xcassets */,
				5A4308FB2516384800684820 /* LaunchScreen.storyboard */,
				5A4308FE2516384800684820 /* Info.plist */,
			);
			path = VFXViewExample;
			sourceTree = "<group>";
		};
		5A4309062516384900684820 /* VFXViewExampleTests */ = {
			isa = PBXGroup;
			children = (
				5A4309072516384900684820 /* VFXViewExampleTests.swift */,
				5A4309092516384900684820 /* Info.plist */,
			);
			path = VFXViewExampleTests;
			sourceTree = "<group>";
		};
		5A4309112516384900684820 /* VFXViewExampleUITests */ = {
			isa = PBXGroup;
			children = (
				5A4309122516384900684820 /* VFXViewExampleUITests.swift */,
				5A4309142516384900684820 /* Info.plist */,
			);
			path = VFXViewExampleUITests;
			sourceTree = "<group>";
		};
		5A4309282516470B00684820 /* Frameworks */ = {
			isa = PBXGroup;
			children = (
			);
			name = Frameworks;
			sourceTree = "<group>";
		};
		5AD323D9290D246000D9D57D /* iOSVFX */ = {
			isa = PBXGroup;
			children = (
				5AD323DA290D249A00D9D57D /* Component */,
				5AD32421290D249A00D9D57D /* Extension */,
				5AD32434290D249A00D9D57D /* iOSVFX.h */,
				5AD323F7290D249A00D9D57D /* Model */,
				5AD323FA290D249A00D9D57D /* VFX */,
			);
			path = iOSVFX;
			sourceTree = "<group>";
		};
		5AD323DA290D249A00D9D57D /* Component */ = {
			isa = PBXGroup;
			children = (
				5AD323DB290D249A00D9D57D /* Layer */,
				5AD323DE290D249A00D9D57D /* View */,
			);
			path = Component;
			sourceTree = "<group>";
		};
		5AD323DB290D249A00D9D57D /* Layer */ = {
			isa = PBXGroup;
			children = (
				5AD323DC290D249A00D9D57D /* VFXLinearGradientLayer.h */,
				5AD323DD290D249A00D9D57D /* VFXLinearGradientLayer.m */,
			);
			path = Layer;
			sourceTree = "<group>";
		};
		5AD323DE290D249A00D9D57D /* View */ = {
			isa = PBXGroup;
			children = (
				5AD323DF290D249A00D9D57D /* VFXLiquidView.m */,
				5AD323E0290D249A00D9D57D /* VFXAntigravityFlowView.m */,
				5AD323E1290D249A00D9D57D /* VFXCosmosView.h */,
				5AD323E2290D249A00D9D57D /* VFXRainView.m */,
				5AD323E3290D249A00D9D57D /* VFXContourView.h */,
				5AD323E4290D249A00D9D57D /* VFXBubblyView.h */,
				5AD323E5290D249A00D9D57D /* VFXRipleView.m */,
				5AD323E6290D249A00D9D57D /* VFXFlyBubbleView.m */,
				5AD323E7290D249A00D9D57D /* VFXSnowView.h */,
				5AD323E8290D249A00D9D57D /* VFXView.h */,
				5AD323E9290D249A00D9D57D /* VFXMidnightSnowView.h */,
				5AD323EA290D249A00D9D57D /* VFXBokehPatternView.h */,
				5AD323EB290D249A00D9D57D /* VFXLiquidView.h */,
				5AD323EC290D249A00D9D57D /* VFXRipleView.h */,
				5AD323ED290D249A00D9D57D /* VFXRainView.h */,
				5AD323EE290D249A00D9D57D /* VFXContourView.m */,
				5AD323EF290D249A00D9D57D /* VFXBubblyView.m */,
				5AD323F0290D249A00D9D57D /* VFXCosmosView.m */,
				5AD323F1290D249A00D9D57D /* VFXAntigravityFlowView.h */,
				5AD323F2290D249A00D9D57D /* VFXView.m */,
				5AD323F3290D249A00D9D57D /* VFXSnowView.m */,
				5AD323F4290D249A00D9D57D /* VFXFlyBubbleView.h */,
				5AD323F5290D249A00D9D57D /* VFXBokehPatternView.m */,
				5AD323F6290D249A00D9D57D /* VFXMidnightSnowView.m */,
			);
			path = View;
			sourceTree = "<group>";
		};
		5AD323F7290D249A00D9D57D /* Model */ = {
			isa = PBXGroup;
			children = (
				5AD323F8290D249A00D9D57D /* LinearGradient.m */,
				5AD323F9290D249A00D9D57D /* LinearGradient.h */,
			);
			path = Model;
			sourceTree = "<group>";
		};
		5AD323FA290D249A00D9D57D /* VFX */ = {
			isa = PBXGroup;
			children = (
				5AD323FB290D249A00D9D57D /* Graphic */,
				5AD32402290D249A00D9D57D /* Particle */,
			);
			path = VFX;
			sourceTree = "<group>";
		};
		5AD323FB290D249A00D9D57D /* Graphic */ = {
			isa = PBXGroup;
			children = (
				5AD323FC290D249A00D9D57D /* VFXPoint.h */,
				5AD323FD290D249A00D9D57D /* VFXImage.m */,
				5AD323FE290D249A00D9D57D /* VFXContext.m */,
				5AD323FF290D249A00D9D57D /* VFXPoint.m */,
				5AD32400290D249A00D9D57D /* VFXImage.h */,
				5AD32401290D249A00D9D57D /* VFXContext.h */,
			);
			path = Graphic;
			sourceTree = "<group>";
		};
		5AD32402290D249A00D9D57D /* Particle */ = {
			isa = PBXGroup;
			children = (
				5AD32403290D249A00D9D57D /* VFXSVGParticle.h */,
				5AD32404290D249A00D9D57D /* VFX2DParticle.m */,
				5AD32405290D249A00D9D57D /* VFXAmuletParticle.m */,
				5AD32406290D249A00D9D57D /* VFXMidnightSnowParticle.h */,
				5AD32407290D249A00D9D57D /* VFXAntigravityFlowParticle.m */,
				5AD32408290D249A00D9D57D /* VFXRainParticle.h */,
				5AD32409290D249A00D9D57D /* VFXBokehPatternParticle.m */,
				5AD3240A290D249A00D9D57D /* VFXCosmosParticle.m */,
				5AD3240B290D249A00D9D57D /* VFXFlyBubbleParticle.h */,
				5AD3240C290D249A00D9D57D /* VFXLiquidParticle.h */,
				5AD3240D290D249A00D9D57D /* VFXFloatCircleParticle.m */,
				5AD3240E290D249A00D9D57D /* VFXContourParticle.m */,
				5AD3240F290D249A00D9D57D /* VFXSnowViewParticle.h */,
				5AD32410290D249A00D9D57D /* VFXBubblyParticle.h */,
				5AD32411290D249A00D9D57D /* VFXBokehPatternParticle.h */,
				5AD32412290D249A00D9D57D /* VFXRainParticle.m */,
				5AD32413290D249A00D9D57D /* VFXAntigravityFlowParticle.h */,
				5AD32414290D249A00D9D57D /* VFXMidnightSnowParticle.m */,
				5AD32415290D249A00D9D57D /* VFXAmuletParticle.h */,
				5AD32416290D249A00D9D57D /* VFXSVGParticle.m */,
				5AD32417290D249A00D9D57D /* VFX2DParticle.h */,
				5AD32418290D249A00D9D57D /* VFXLiquidParticle.m */,
				5AD32419290D249A00D9D57D /* VFXFlyBubbleParticle.m */,
				5AD3241A290D249A00D9D57D /* VFXCosmosParticle.h */,
				5AD3241B290D249A00D9D57D /* VFXFloatCircleParticle.h */,
				5AD3241C290D249A00D9D57D /* VFXBubblyParticle.m */,
				5AD3241D290D249A00D9D57D /* VFXParticle.h */,
				5AD3241E290D249A00D9D57D /* VFXSnowViewParticle.m */,
				5AD3241F290D249A00D9D57D /* VFXContourParticle.h */,
			);
			path = Particle;
			sourceTree = "<group>";
		};
		5AD32421290D249A00D9D57D /* Extension */ = {
			isa = PBXGroup;
			children = (
				5AD32422290D249A00D9D57D /* UIKit */,
				5AD3242B290D249A00D9D57D /* Foundation */,
			);
			path = Extension;
			sourceTree = "<group>";
		};
		5AD32422290D249A00D9D57D /* UIKit */ = {
			isa = PBXGroup;
			children = (
				5AD32423290D249A00D9D57D /* UIImage+VFX.h */,
				5AD32424290D249A00D9D57D /* UIColor+VFX.m */,
				5AD32425290D249A00D9D57D /* UIBezierPath+VFX.h */,
				5AD32426290D249A00D9D57D /* UIView+VFX.m */,
				5AD32427290D249A00D9D57D /* UIBezierPath+VFX.m */,
				5AD32428290D249A00D9D57D /* UIColor+VFX.h */,
				5AD32429290D249A00D9D57D /* UIImage+VFX.m */,
				5AD3242A290D249A00D9D57D /* UIView+VFX.h */,
			);
			path = UIKit;
			sourceTree = "<group>";
		};
		5AD3242B290D249A00D9D57D /* Foundation */ = {
			isa = PBXGroup;
			children = (
				5AD3242C290D249A00D9D57D /* NSError+VFX.h */,
				5AD3242D290D249A00D9D57D /* NSArray+VFX.h */,
				5AD3242E290D249A00D9D57D /* NSMutableArray+VFX.m */,
				5AD3242F290D249A00D9D57D /* NSNumber+VFX.h */,
				5AD32430290D249A00D9D57D /* NSMutableArray+VFX.h */,
				5AD32431290D249A00D9D57D /* NSArray+VFX.m */,
				5AD32432290D249A00D9D57D /* NSError+VFX.m */,
				5AD32433290D249A00D9D57D /* NSNumber+VFX.m */,
			);
			path = Foundation;
			sourceTree = "<group>";
		};
/* End PBXGroup section */

/* Begin PBXHeadersBuildPhase section */
		5A4308B625162C8400684820 /* Headers */ = {
			isa = PBXHeadersBuildPhase;
			buildActionMask = 2147483647;
			files = (
				5AD32435290D249B00D9D57D /* VFXLinearGradientLayer.h in Headers */,
				5AD3245F290D249B00D9D57D /* VFXFlyBubbleParticle.h in Headers */,
				5AD32450290D249B00D9D57D /* LinearGradient.h in Headers */,
				5AD3243F290D249B00D9D57D /* VFXSnowView.h in Headers */,
				5AD32455290D249B00D9D57D /* VFXImage.h in Headers */,
				5AD32475290D249B00D9D57D /* UIImage+VFX.h in Headers */,
				5AD32464290D249B00D9D57D /* VFXBubblyParticle.h in Headers */,
				5AD32467290D249B00D9D57D /* VFXAntigravityFlowParticle.h in Headers */,
				5AD32463290D249B00D9D57D /* VFXSnowViewParticle.h in Headers */,
				5AD32481290D249B00D9D57D /* NSMutableArray+VFX.h in Headers */,
				5AD32444290D249B00D9D57D /* VFXRipleView.h in Headers */,
				5AD3243C290D249B00D9D57D /* VFXBubblyView.h in Headers */,
				5AD3245A290D249B00D9D57D /* VFXMidnightSnowParticle.h in Headers */,
				5AD32471290D249B00D9D57D /* VFXParticle.h in Headers */,
				5AD32480290D249B00D9D57D /* NSNumber+VFX.h in Headers */,
				5AD32485290D249B00D9D57D /* iOSVFX.h in Headers */,
				5AD32449290D249B00D9D57D /* VFXAntigravityFlowView.h in Headers */,
				5AD3246B290D249B00D9D57D /* VFX2DParticle.h in Headers */,
				5AD3246E290D249B00D9D57D /* VFXCosmosParticle.h in Headers */,
				5AD32445290D249B00D9D57D /* VFXRainView.h in Headers */,
				5AD3247C290D249B00D9D57D /* UIView+VFX.h in Headers */,
				5AD32469290D249B00D9D57D /* VFXAmuletParticle.h in Headers */,
				5AD32440290D249B00D9D57D /* VFXView.h in Headers */,
				5AD3247A290D249B00D9D57D /* UIColor+VFX.h in Headers */,
				5AD3247E290D249B00D9D57D /* NSArray+VFX.h in Headers */,
				5AD32439290D249B00D9D57D /* VFXCosmosView.h in Headers */,
				5AD32441290D249B00D9D57D /* VFXMidnightSnowView.h in Headers */,
				5AD32443290D249B00D9D57D /* VFXLiquidView.h in Headers */,
				5AD3245C290D249B00D9D57D /* VFXRainParticle.h in Headers */,
				5AD32460290D249B00D9D57D /* VFXLiquidParticle.h in Headers */,
				5AD3244C290D249B00D9D57D /* VFXFlyBubbleView.h in Headers */,
				5A4308CC25162C8400684820 /* VFXView.h in Headers */,
				5AD3243B290D249B00D9D57D /* VFXContourView.h in Headers */,
				5AD32456290D249B00D9D57D /* VFXContext.h in Headers */,
				5AD32451290D249B00D9D57D /* VFXPoint.h in Headers */,
				5AD32477290D249B00D9D57D /* UIBezierPath+VFX.h in Headers */,
				5AD3246F290D249B00D9D57D /* VFXFloatCircleParticle.h in Headers */,
				5AD32442290D249B00D9D57D /* VFXBokehPatternView.h in Headers */,
				5AD32465290D249B00D9D57D /* VFXBokehPatternParticle.h in Headers */,
				5AD32457290D249B00D9D57D /* VFXSVGParticle.h in Headers */,
				5AD32473290D249B00D9D57D /* VFXContourParticle.h in Headers */,
				5AD3247D290D249B00D9D57D /* NSError+VFX.h in Headers */,
			);
			runOnlyForDeploymentPostprocessing = 0;
		};
/* End PBXHeadersBuildPhase section */

/* Begin PBXNativeTarget section */
		5A4308BA25162C8400684820 /* VFXView */ = {
			isa = PBXNativeTarget;
			buildConfigurationList = 5A4308CF25162C8400684820 /* Build configuration list for PBXNativeTarget "VFXView" */;
			buildPhases = (
				5A4308B625162C8400684820 /* Headers */,
				5A4308B725162C8400684820 /* Sources */,
				5A4308B825162C8400684820 /* Frameworks */,
				5A4308B925162C8400684820 /* Resources */,
			);
			buildRules = (
			);
			dependencies = (
			);
			name = VFXView;
			productName = VFXView;
			productReference = 5A4308BB25162C8400684820 /* VFXView.framework */;
			productType = "com.apple.product-type.framework";
		};
		5A4308C325162C8400684820 /* VFXViewTests */ = {
			isa = PBXNativeTarget;
			buildConfigurationList = 5A4308D225162C8400684820 /* Build configuration list for PBXNativeTarget "VFXViewTests" */;
			buildPhases = (
				5A4308C025162C8400684820 /* Sources */,
				5A4308C125162C8400684820 /* Frameworks */,
				5A4308C225162C8400684820 /* Resources */,
			);
			buildRules = (
			);
			dependencies = (
				5A4308C725162C8400684820 /* PBXTargetDependency */,
			);
			name = VFXViewTests;
			productName = VFXViewTests;
			productReference = 5A4308C425162C8400684820 /* VFXViewTests.xctest */;
			productType = "com.apple.product-type.bundle.unit-test";
		};
		5A4308ED2516384500684820 /* VFXViewExample */ = {
			isa = PBXNativeTarget;
			buildConfigurationList = 5A4309152516384900684820 /* Build configuration list for PBXNativeTarget "VFXViewExample" */;
			buildPhases = (
				5A4308EA2516384500684820 /* Sources */,
				5A4308EB2516384500684820 /* Frameworks */,
				5A4308EC2516384500684820 /* Resources */,
			);
			buildRules = (
			);
			dependencies = (
			);
			name = VFXViewExample;
			productName = VFXViewExample;
			productReference = 5A4308EE2516384500684820 /* VFXViewExample.app */;
			productType = "com.apple.product-type.application";
		};
		5A4309022516384900684820 /* VFXViewExampleTests */ = {
			isa = PBXNativeTarget;
			buildConfigurationList = 5A4309182516384900684820 /* Build configuration list for PBXNativeTarget "VFXViewExampleTests" */;
			buildPhases = (
				5A4308FF2516384900684820 /* Sources */,
				5A4309002516384900684820 /* Frameworks */,
				5A4309012516384900684820 /* Resources */,
			);
			buildRules = (
			);
			dependencies = (
				5A4309052516384900684820 /* PBXTargetDependency */,
			);
			name = VFXViewExampleTests;
			productName = VFXViewExampleTests;
			productReference = 5A4309032516384900684820 /* VFXViewExampleTests.xctest */;
			productType = "com.apple.product-type.bundle.unit-test";
		};
		5A43090D2516384900684820 /* VFXViewExampleUITests */ = {
			isa = PBXNativeTarget;
			buildConfigurationList = 5A43091B2516384900684820 /* Build configuration list for PBXNativeTarget "VFXViewExampleUITests" */;
			buildPhases = (
				5A43090A2516384900684820 /* Sources */,
				5A43090B2516384900684820 /* Frameworks */,
				5A43090C2516384900684820 /* Resources */,
			);
			buildRules = (
			);
			dependencies = (
				5A4309102516384900684820 /* PBXTargetDependency */,
			);
			name = VFXViewExampleUITests;
			productName = VFXViewExampleUITests;
			productReference = 5A43090E2516384900684820 /* VFXViewExampleUITests.xctest */;
			productType = "com.apple.product-type.bundle.ui-testing";
		};
/* End PBXNativeTarget section */

/* Begin PBXProject section */
		5A4308B225162C8400684820 /* Project object */ = {
			isa = PBXProject;
			attributes = {
				LastSwiftUpdateCheck = 1200;
				LastUpgradeCheck = 1200;
				TargetAttributes = {
					5A4308BA25162C8400684820 = {
						CreatedOnToolsVersion = 12.0;
						LastSwiftMigration = 1200;
					};
					5A4308C325162C8400684820 = {
						CreatedOnToolsVersion = 12.0;
					};
					5A4308ED2516384500684820 = {
						CreatedOnToolsVersion = 12.0;
					};
					5A4309022516384900684820 = {
						CreatedOnToolsVersion = 12.0;
						TestTargetID = 5A4308ED2516384500684820;
					};
					5A43090D2516384900684820 = {
						CreatedOnToolsVersion = 12.0;
						TestTargetID = 5A4308ED2516384500684820;
					};
					5A43092F251647E900684820 = {
						CreatedOnToolsVersion = 12.0;
					};
				};
			};
			buildConfigurationList = 5A4308B525162C8400684820 /* Build configuration list for PBXProject "VFXView" */;
			compatibilityVersion = "Xcode 9.3";
			developmentRegion = en;
			hasScannedForEncodings = 0;
			knownRegions = (
				en,
				Base,
			);
			mainGroup = 5A4308B125162C8400684820;
			productRefGroup = 5A4308BC25162C8400684820 /* Products */;
			projectDirPath = "";
			projectRoot = "";
			targets = (
				5A4308BA25162C8400684820 /* VFXView */,
				5A4308C325162C8400684820 /* VFXViewTests */,
				5A4308ED2516384500684820 /* VFXViewExample */,
				5A4309022516384900684820 /* VFXViewExampleTests */,
				5A43090D2516384900684820 /* VFXViewExampleUITests */,
				5A43092F251647E900684820 /* VFX */,
			);
		};
/* End PBXProject section */

/* Begin PBXResourcesBuildPhase section */
		5A4308B925162C8400684820 /* Resources */ = {
			isa = PBXResourcesBuildPhase;
			buildActionMask = 2147483647;
			files = (
			);
			runOnlyForDeploymentPostprocessing = 0;
		};
		5A4308C225162C8400684820 /* Resources */ = {
			isa = PBXResourcesBuildPhase;
			buildActionMask = 2147483647;
			files = (
			);
			runOnlyForDeploymentPostprocessing = 0;
		};
		5A4308EC2516384500684820 /* Resources */ = {
			isa = PBXResourcesBuildPhase;
			buildActionMask = 2147483647;
			files = (
				5A4308FD2516384800684820 /* LaunchScreen.storyboard in Resources */,
				5A4308FA2516384800684820 /* Assets.xcassets in Resources */,
				5A4308F82516384500684820 /* Main.storyboard in Resources */,
			);
			runOnlyForDeploymentPostprocessing = 0;
		};
		5A4309012516384900684820 /* Resources */ = {
			isa = PBXResourcesBuildPhase;
			buildActionMask = 2147483647;
			files = (
			);
			runOnlyForDeploymentPostprocessing = 0;
		};
		5A43090C2516384900684820 /* Resources */ = {
			isa = PBXResourcesBuildPhase;
			buildActionMask = 2147483647;
			files = (
			);
			runOnlyForDeploymentPostprocessing = 0;
		};
/* End PBXResourcesBuildPhase section */

/* Begin PBXSourcesBuildPhase section */
		5A4308B725162C8400684820 /* Sources */ = {
			isa = PBXSourcesBuildPhase;
			buildActionMask = 2147483647;
			files = (
				5AD32458290D249B00D9D57D /* VFX2DParticle.m in Sources */,
				5AD3244B290D249B00D9D57D /* VFXSnowView.m in Sources */,
				5AD3245E290D249B00D9D57D /* VFXCosmosParticle.m in Sources */,
				5AD32462290D249B00D9D57D /* VFXContourParticle.m in Sources */,
				5AD32476290D249B00D9D57D /* UIColor+VFX.m in Sources */,
				5AD3245D290D249B00D9D57D /* VFXBokehPatternParticle.m in Sources */,
				5AD32461290D249B00D9D57D /* VFXFloatCircleParticle.m in Sources */,
				5AD32478290D249B00D9D57D /* UIView+VFX.m in Sources */,
				5AD32470290D249B00D9D57D /* VFXBubblyParticle.m in Sources */,
				5AD32466290D249B00D9D57D /* VFXRainParticle.m in Sources */,
				5AD32436290D249B00D9D57D /* VFXLinearGradientLayer.m in Sources */,
				5AD32448290D249B00D9D57D /* VFXCosmosView.m in Sources */,
				5AD3247B290D249B00D9D57D /* UIImage+VFX.m in Sources */,
				5AD32437290D249B00D9D57D /* VFXLiquidView.m in Sources */,
				5AD32452290D249B00D9D57D /* VFXImage.m in Sources */,
				5AD3246D290D249B00D9D57D /* VFXFlyBubbleParticle.m in Sources */,
				5AD3244A290D249B00D9D57D /* VFXView.m in Sources */,
				5AC3EBA825189FAB00D8C208 /* Number+VFX.swift in Sources */,
				5AD32447290D249B00D9D57D /* VFXBubblyView.m in Sources */,
				5AD32446290D249B00D9D57D /* VFXContourView.m in Sources */,
				5AD32483290D249B00D9D57D /* NSError+VFX.m in Sources */,
				5AD3244D290D249B00D9D57D /* VFXBokehPatternView.m in Sources */,
				5AD3246A290D249B00D9D57D /* VFXSVGParticle.m in Sources */,
				5A4308E42516315300684820 /* VFXSnowView.swift in Sources */,
				5AD32438290D249B00D9D57D /* VFXAntigravityFlowView.m in Sources */,
				5AD3247F290D249B00D9D57D /* NSMutableArray+VFX.m in Sources */,
				5AD32453290D249B00D9D57D /* VFXContext.m in Sources */,
				5A4308D925162CA600684820 /* VFXLayout.swift in Sources */,
				5AC3EBA025189E7A00D8C208 /* VFXParticleModel.swift in Sources */,
				5A4308DE25162E2400684820 /* VFXView.swift in Sources */,
				5AC3EBB02518AA1F00D8C208 /* Color.swift in Sources */,
				5AD32482290D249B00D9D57D /* NSArray+VFX.m in Sources */,
				5AD32479290D249B00D9D57D /* UIBezierPath+VFX.m in Sources */,
				5AD32468290D249B00D9D57D /* VFXMidnightSnowParticle.m in Sources */,
				5AD32472290D249B00D9D57D /* VFXSnowViewParticle.m in Sources */,
				5AD3243A290D249B00D9D57D /* VFXRainView.m in Sources */,
				5AD3245B290D249B00D9D57D /* VFXAntigravityFlowParticle.m in Sources */,
				5AD3244F290D249B00D9D57D /* LinearGradient.m in Sources */,
				5AD3243D290D249B00D9D57D /* VFXRipleView.m in Sources */,
				5AD32484290D249B00D9D57D /* NSNumber+VFX.m in Sources */,
				5AD32454290D249B00D9D57D /* VFXPoint.m in Sources */,
				5AD3246C290D249B00D9D57D /* VFXLiquidParticle.m in Sources */,
				5AD3244E290D249B00D9D57D /* VFXMidnightSnowView.m in Sources */,
				5AD3243E290D249B00D9D57D /* VFXFlyBubbleView.m in Sources */,
				5AD32459290D249B00D9D57D /* VFXAmuletParticle.m in Sources */,
			);
			runOnlyForDeploymentPostprocessing = 0;
		};
		5A4308C025162C8400684820 /* Sources */ = {
			isa = PBXSourcesBuildPhase;
			buildActionMask = 2147483647;
			files = (
				5A4308CA25162C8400684820 /* VFXViewTests.swift in Sources */,
			);
			runOnlyForDeploymentPostprocessing = 0;
		};
		5A4308EA2516384500684820 /* Sources */ = {
			isa = PBXSourcesBuildPhase;
			buildActionMask = 2147483647;
			files = (
				5A4308F52516384500684820 /* ViewController.swift in Sources */,
				5A4308F12516384500684820 /* AppDelegate.swift in Sources */,
				5A4308F32516384500684820 /* SceneDelegate.swift in Sources */,
			);
			runOnlyForDeploymentPostprocessing = 0;
		};
		5A4308FF2516384900684820 /* Sources */ = {
			isa = PBXSourcesBuildPhase;
			buildActionMask = 2147483647;
			files = (
				5A4309082516384900684820 /* VFXViewExampleTests.swift in Sources */,
			);
			runOnlyForDeploymentPostprocessing = 0;
		};
		5A43090A2516384900684820 /* Sources */ = {
			isa = PBXSourcesBuildPhase;
			buildActionMask = 2147483647;
			files = (
				5A4309132516384900684820 /* VFXViewExampleUITests.swift in Sources */,
			);
			runOnlyForDeploymentPostprocessing = 0;
		};
/* End PBXSourcesBuildPhase section */

/* Begin PBXTargetDependency section */
		5A4308C725162C8400684820 /* PBXTargetDependency */ = {
			isa = PBXTargetDependency;
			target = 5A4308BA25162C8400684820 /* VFXView */;
			targetProxy = 5A4308C625162C8400684820 /* PBXContainerItemProxy */;
		};
		5A4309052516384900684820 /* PBXTargetDependency */ = {
			isa = PBXTargetDependency;
			target = 5A4308ED2516384500684820 /* VFXViewExample */;
			targetProxy = 5A4309042516384900684820 /* PBXContainerItemProxy */;
		};
		5A4309102516384900684820 /* PBXTargetDependency */ = {
			isa = PBXTargetDependency;
			target = 5A4308ED2516384500684820 /* VFXViewExample */;
			targetProxy = 5A43090F2516384900684820 /* PBXContainerItemProxy */;
		};
/* End PBXTargetDependency section */

/* Begin PBXVariantGroup section */
		5A4308F62516384500684820 /* Main.storyboard */ = {
			isa = PBXVariantGroup;
			children = (
				5A4308F72516384500684820 /* Base */,
			);
			name = Main.storyboard;
			sourceTree = "<group>";
		};
		5A4308FB2516384800684820 /* LaunchScreen.storyboard */ = {
			isa = PBXVariantGroup;
			children = (
				5A4308FC2516384800684820 /* Base */,
			);
			name = LaunchScreen.storyboard;
			sourceTree = "<group>";
		};
/* End PBXVariantGroup section */

/* Begin XCBuildConfiguration section */
		5A4308CD25162C8400684820 /* Debug */ = {
			isa = XCBuildConfiguration;
			buildSettings = {
				ALWAYS_SEARCH_USER_PATHS = NO;
				CLANG_ANALYZER_NONNULL = YES;
				CLANG_ANALYZER_NUMBER_OBJECT_CONVERSION = YES_AGGRESSIVE;
				CLANG_CXX_LANGUAGE_STANDARD = "gnu++14";
				CLANG_CXX_LIBRARY = "libc++";
				CLANG_ENABLE_MODULES = YES;
				CLANG_ENABLE_OBJC_ARC = YES;
				CLANG_ENABLE_OBJC_WEAK = YES;
				CLANG_WARN_BLOCK_CAPTURE_AUTORELEASING = YES;
				CLANG_WARN_BOOL_CONVERSION = YES;
				CLANG_WARN_COMMA = YES;
				CLANG_WARN_CONSTANT_CONVERSION = YES;
				CLANG_WARN_DEPRECATED_OBJC_IMPLEMENTATIONS = YES;
				CLANG_WARN_DIRECT_OBJC_ISA_USAGE = YES_ERROR;
				CLANG_WARN_DOCUMENTATION_COMMENTS = YES;
				CLANG_WARN_EMPTY_BODY = YES;
				CLANG_WARN_ENUM_CONVERSION = YES;
				CLANG_WARN_INFINITE_RECURSION = YES;
				CLANG_WARN_INT_CONVERSION = YES;
				CLANG_WARN_NON_LITERAL_NULL_CONVERSION = YES;
				CLANG_WARN_OBJC_IMPLICIT_RETAIN_SELF = YES;
				CLANG_WARN_OBJC_LITERAL_CONVERSION = YES;
				CLANG_WARN_OBJC_ROOT_CLASS = YES_ERROR;
				CLANG_WARN_QUOTED_INCLUDE_IN_FRAMEWORK_HEADER = YES;
				CLANG_WARN_RANGE_LOOP_ANALYSIS = YES;
				CLANG_WARN_STRICT_PROTOTYPES = YES;
				CLANG_WARN_SUSPICIOUS_MOVE = YES;
				CLANG_WARN_UNGUARDED_AVAILABILITY = YES_AGGRESSIVE;
				CLANG_WARN_UNREACHABLE_CODE = YES;
				CLANG_WARN__DUPLICATE_METHOD_MATCH = YES;
				COPY_PHASE_STRIP = NO;
				CURRENT_PROJECT_VERSION = 1;
				DEBUG_INFORMATION_FORMAT = dwarf;
				ENABLE_STRICT_OBJC_MSGSEND = YES;
				ENABLE_TESTABILITY = YES;
				GCC_C_LANGUAGE_STANDARD = gnu11;
				GCC_DYNAMIC_NO_PIC = NO;
				GCC_NO_COMMON_BLOCKS = YES;
				GCC_OPTIMIZATION_LEVEL = 0;
				GCC_PREPROCESSOR_DEFINITIONS = (
					"DEBUG=1",
					"$(inherited)",
				);
				GCC_WARN_64_TO_32_BIT_CONVERSION = YES;
				GCC_WARN_ABOUT_RETURN_TYPE = YES_ERROR;
				GCC_WARN_UNDECLARED_SELECTOR = YES;
				GCC_WARN_UNINITIALIZED_AUTOS = YES_AGGRESSIVE;
				GCC_WARN_UNUSED_FUNCTION = YES;
				GCC_WARN_UNUSED_VARIABLE = YES;
				IPHONEOS_DEPLOYMENT_TARGET = 14.0;
				MTL_ENABLE_DEBUG_INFO = INCLUDE_SOURCE;
				MTL_FAST_MATH = YES;
				ONLY_ACTIVE_ARCH = YES;
				SDKROOT = iphoneos;
				SWIFT_ACTIVE_COMPILATION_CONDITIONS = DEBUG;
				SWIFT_OPTIMIZATION_LEVEL = "-Onone";
				VERSIONING_SYSTEM = "apple-generic";
				VERSION_INFO_PREFIX = "";
			};
			name = Debug;
		};
		5A4308CE25162C8400684820 /* Release */ = {
			isa = XCBuildConfiguration;
			buildSettings = {
				ALWAYS_SEARCH_USER_PATHS = NO;
				CLANG_ANALYZER_NONNULL = YES;
				CLANG_ANALYZER_NUMBER_OBJECT_CONVERSION = YES_AGGRESSIVE;
				CLANG_CXX_LANGUAGE_STANDARD = "gnu++14";
				CLANG_CXX_LIBRARY = "libc++";
				CLANG_ENABLE_MODULES = YES;
				CLANG_ENABLE_OBJC_ARC = YES;
				CLANG_ENABLE_OBJC_WEAK = YES;
				CLANG_WARN_BLOCK_CAPTURE_AUTORELEASING = YES;
				CLANG_WARN_BOOL_CONVERSION = YES;
				CLANG_WARN_COMMA = YES;
				CLANG_WARN_CONSTANT_CONVERSION = YES;
				CLANG_WARN_DEPRECATED_OBJC_IMPLEMENTATIONS = YES;
				CLANG_WARN_DIRECT_OBJC_ISA_USAGE = YES_ERROR;
				CLANG_WARN_DOCUMENTATION_COMMENTS = YES;
				CLANG_WARN_EMPTY_BODY = YES;
				CLANG_WARN_ENUM_CONVERSION = YES;
				CLANG_WARN_INFINITE_RECURSION = YES;
				CLANG_WARN_INT_CONVERSION = YES;
				CLANG_WARN_NON_LITERAL_NULL_CONVERSION = YES;
				CLANG_WARN_OBJC_IMPLICIT_RETAIN_SELF = YES;
				CLANG_WARN_OBJC_LITERAL_CONVERSION = YES;
				CLANG_WARN_OBJC_ROOT_CLASS = YES_ERROR;
				CLANG_WARN_QUOTED_INCLUDE_IN_FRAMEWORK_HEADER = YES;
				CLANG_WARN_RANGE_LOOP_ANALYSIS = YES;
				CLANG_WARN_STRICT_PROTOTYPES = YES;
				CLANG_WARN_SUSPICIOUS_MOVE = YES;
				CLANG_WARN_UNGUARDED_AVAILABILITY = YES_AGGRESSIVE;
				CLANG_WARN_UNREACHABLE_CODE = YES;
				CLANG_WARN__DUPLICATE_METHOD_MATCH = YES;
				COPY_PHASE_STRIP = NO;
				CURRENT_PROJECT_VERSION = 1;
				DEBUG_INFORMATION_FORMAT = "dwarf-with-dsym";
				ENABLE_NS_ASSERTIONS = NO;
				ENABLE_STRICT_OBJC_MSGSEND = YES;
				GCC_C_LANGUAGE_STANDARD = gnu11;
				GCC_NO_COMMON_BLOCKS = YES;
				GCC_WARN_64_TO_32_BIT_CONVERSION = YES;
				GCC_WARN_ABOUT_RETURN_TYPE = YES_ERROR;
				GCC_WARN_UNDECLARED_SELECTOR = YES;
				GCC_WARN_UNINITIALIZED_AUTOS = YES_AGGRESSIVE;
				GCC_WARN_UNUSED_FUNCTION = YES;
				GCC_WARN_UNUSED_VARIABLE = YES;
				IPHONEOS_DEPLOYMENT_TARGET = 14.0;
				MTL_ENABLE_DEBUG_INFO = NO;
				MTL_FAST_MATH = YES;
				SDKROOT = iphoneos;
				SWIFT_COMPILATION_MODE = wholemodule;
				SWIFT_OPTIMIZATION_LEVEL = "-O";
				VALIDATE_PRODUCT = YES;
				VERSIONING_SYSTEM = "apple-generic";
				VERSION_INFO_PREFIX = "";
			};
			name = Release;
		};
		5A4308D025162C8400684820 /* Debug */ = {
			isa = XCBuildConfiguration;
			buildSettings = {
				CLANG_ENABLE_MODULES = YES;
				CODE_SIGN_STYLE = Automatic;
				DEFINES_MODULE = YES;
				DYLIB_COMPATIBILITY_VERSION = 1;
				DYLIB_CURRENT_VERSION = 1;
				DYLIB_INSTALL_NAME_BASE = "@rpath";
				INFOPLIST_FILE = VFXView/Info.plist;
				INSTALL_PATH = "$(LOCAL_LIBRARY_DIR)/Frameworks";
				IPHONEOS_DEPLOYMENT_TARGET = 10.0;
				"IPHONEOS_DEPLOYMENT_TARGET[sdk=macosx*]" = 13.1;
				LD_RUNPATH_SEARCH_PATHS = (
					"$(inherited)",
					"@executable_path/Frameworks",
					"@loader_path/Frameworks",
				);
				PRODUCT_BUNDLE_IDENTIFIER = com.mobilecodelab.VFXView;
				PRODUCT_NAME = "$(TARGET_NAME:c99extidentifier)";
				SKIP_INSTALL = YES;
				SWIFT_OPTIMIZATION_LEVEL = "-Onone";
				SWIFT_VERSION = 5.0;
				TARGETED_DEVICE_FAMILY = "1,2";
			};
			name = Debug;
		};
		5A4308D125162C8400684820 /* Release */ = {
			isa = XCBuildConfiguration;
			buildSettings = {
				CLANG_ENABLE_MODULES = YES;
				CODE_SIGN_STYLE = Automatic;
				DEFINES_MODULE = YES;
				DYLIB_COMPATIBILITY_VERSION = 1;
				DYLIB_CURRENT_VERSION = 1;
				DYLIB_INSTALL_NAME_BASE = "@rpath";
				INFOPLIST_FILE = VFXView/Info.plist;
				INSTALL_PATH = "$(LOCAL_LIBRARY_DIR)/Frameworks";
				IPHONEOS_DEPLOYMENT_TARGET = 10.0;
				"IPHONEOS_DEPLOYMENT_TARGET[sdk=macosx*]" = 13.1;
				LD_RUNPATH_SEARCH_PATHS = (
					"$(inherited)",
					"@executable_path/Frameworks",
					"@loader_path/Frameworks",
				);
				PRODUCT_BUNDLE_IDENTIFIER = com.mobilecodelab.VFXView;
				PRODUCT_NAME = "$(TARGET_NAME:c99extidentifier)";
				SKIP_INSTALL = YES;
				SWIFT_VERSION = 5.0;
				TARGETED_DEVICE_FAMILY = "1,2";
			};
			name = Release;
		};
		5A4308D325162C8400684820 /* Debug */ = {
			isa = XCBuildConfiguration;
			buildSettings = {
				ALWAYS_EMBED_SWIFT_STANDARD_LIBRARIES = YES;
				CODE_SIGN_STYLE = Automatic;
				INFOPLIST_FILE = VFXViewTests/Info.plist;
				LD_RUNPATH_SEARCH_PATHS = (
					"$(inherited)",
					"@executable_path/Frameworks",
					"@loader_path/Frameworks",
				);
				PRODUCT_BUNDLE_IDENTIFIER = com.mobilecodelab.VFXViewTests;
				PRODUCT_NAME = "$(TARGET_NAME)";
				SWIFT_VERSION = 5.0;
				TARGETED_DEVICE_FAMILY = "1,2";
			};
			name = Debug;
		};
		5A4308D425162C8400684820 /* Release */ = {
			isa = XCBuildConfiguration;
			buildSettings = {
				ALWAYS_EMBED_SWIFT_STANDARD_LIBRARIES = YES;
				CODE_SIGN_STYLE = Automatic;
				INFOPLIST_FILE = VFXViewTests/Info.plist;
				LD_RUNPATH_SEARCH_PATHS = (
					"$(inherited)",
					"@executable_path/Frameworks",
					"@loader_path/Frameworks",
				);
				PRODUCT_BUNDLE_IDENTIFIER = com.mobilecodelab.VFXViewTests;
				PRODUCT_NAME = "$(TARGET_NAME)";
				SWIFT_VERSION = 5.0;
				TARGETED_DEVICE_FAMILY = "1,2";
			};
			name = Release;
		};
		5A4309162516384900684820 /* Debug */ = {
			isa = XCBuildConfiguration;
			buildSettings = {
				ASSETCATALOG_COMPILER_APPICON_NAME = AppIcon;
				ASSETCATALOG_COMPILER_GLOBAL_ACCENT_COLOR_NAME = AccentColor;
				CODE_SIGN_STYLE = Automatic;
				INFOPLIST_FILE = VFXViewExample/Info.plist;
				LD_RUNPATH_SEARCH_PATHS = (
					"$(inherited)",
					"@executable_path/Frameworks",
				);
				PRODUCT_BUNDLE_IDENTIFIER = com.mobilecodelab.VFXViewExample;
				PRODUCT_NAME = "$(TARGET_NAME)";
				SWIFT_VERSION = 5.0;
				TARGETED_DEVICE_FAMILY = "1,2";
			};
			name = Debug;
		};
		5A4309172516384900684820 /* Release */ = {
			isa = XCBuildConfiguration;
			buildSettings = {
				ASSETCATALOG_COMPILER_APPICON_NAME = AppIcon;
				ASSETCATALOG_COMPILER_GLOBAL_ACCENT_COLOR_NAME = AccentColor;
				CODE_SIGN_STYLE = Automatic;
				INFOPLIST_FILE = VFXViewExample/Info.plist;
				LD_RUNPATH_SEARCH_PATHS = (
					"$(inherited)",
					"@executable_path/Frameworks",
				);
				PRODUCT_BUNDLE_IDENTIFIER = com.mobilecodelab.VFXViewExample;
				PRODUCT_NAME = "$(TARGET_NAME)";
				SWIFT_VERSION = 5.0;
				TARGETED_DEVICE_FAMILY = "1,2";
			};
			name = Release;
		};
		5A4309192516384900684820 /* Debug */ = {
			isa = XCBuildConfiguration;
			buildSettings = {
				ALWAYS_EMBED_SWIFT_STANDARD_LIBRARIES = YES;
				BUNDLE_LOADER = "$(TEST_HOST)";
				CODE_SIGN_STYLE = Automatic;
				INFOPLIST_FILE = VFXViewExampleTests/Info.plist;
				IPHONEOS_DEPLOYMENT_TARGET = 14.0;
				LD_RUNPATH_SEARCH_PATHS = (
					"$(inherited)",
					"@executable_path/Frameworks",
					"@loader_path/Frameworks",
				);
				PRODUCT_BUNDLE_IDENTIFIER = com.mobilecodelab.VFXViewExampleTests;
				PRODUCT_NAME = "$(TARGET_NAME)";
				SWIFT_VERSION = 5.0;
				TARGETED_DEVICE_FAMILY = "1,2";
				TEST_HOST = "$(BUILT_PRODUCTS_DIR)/VFXViewExample.app/VFXViewExample";
			};
			name = Debug;
		};
		5A43091A2516384900684820 /* Release */ = {
			isa = XCBuildConfiguration;
			buildSettings = {
				ALWAYS_EMBED_SWIFT_STANDARD_LIBRARIES = YES;
				BUNDLE_LOADER = "$(TEST_HOST)";
				CODE_SIGN_STYLE = Automatic;
				INFOPLIST_FILE = VFXViewExampleTests/Info.plist;
				IPHONEOS_DEPLOYMENT_TARGET = 14.0;
				LD_RUNPATH_SEARCH_PATHS = (
					"$(inherited)",
					"@executable_path/Frameworks",
					"@loader_path/Frameworks",
				);
				PRODUCT_BUNDLE_IDENTIFIER = com.mobilecodelab.VFXViewExampleTests;
				PRODUCT_NAME = "$(TARGET_NAME)";
				SWIFT_VERSION = 5.0;
				TARGETED_DEVICE_FAMILY = "1,2";
				TEST_HOST = "$(BUILT_PRODUCTS_DIR)/VFXViewExample.app/VFXViewExample";
			};
			name = Release;
		};
		5A43091C2516384900684820 /* Debug */ = {
			isa = XCBuildConfiguration;
			buildSettings = {
				ALWAYS_EMBED_SWIFT_STANDARD_LIBRARIES = YES;
				CODE_SIGN_STYLE = Automatic;
				INFOPLIST_FILE = VFXViewExampleUITests/Info.plist;
				LD_RUNPATH_SEARCH_PATHS = (
					"$(inherited)",
					"@executable_path/Frameworks",
					"@loader_path/Frameworks",
				);
				PRODUCT_BUNDLE_IDENTIFIER = com.mobilecodelab.VFXViewExampleUITests;
				PRODUCT_NAME = "$(TARGET_NAME)";
				SWIFT_VERSION = 5.0;
				TARGETED_DEVICE_FAMILY = "1,2";
				TEST_TARGET_NAME = VFXViewExample;
			};
			name = Debug;
		};
		5A43091D2516384900684820 /* Release */ = {
			isa = XCBuildConfiguration;
			buildSettings = {
				ALWAYS_EMBED_SWIFT_STANDARD_LIBRARIES = YES;
				CODE_SIGN_STYLE = Automatic;
				INFOPLIST_FILE = VFXViewExampleUITests/Info.plist;
				LD_RUNPATH_SEARCH_PATHS = (
					"$(inherited)",
					"@executable_path/Frameworks",
					"@loader_path/Frameworks",
				);
				PRODUCT_BUNDLE_IDENTIFIER = com.mobilecodelab.VFXViewExampleUITests;
				PRODUCT_NAME = "$(TARGET_NAME)";
				SWIFT_VERSION = 5.0;
				TARGETED_DEVICE_FAMILY = "1,2";
				TEST_TARGET_NAME = VFXViewExample;
			};
			name = Release;
		};
		5A430931251647E900684820 /* Debug */ = {
			isa = XCBuildConfiguration;
			buildSettings = {
				CODE_SIGN_STYLE = Automatic;
				PRODUCT_NAME = "$(TARGET_NAME)";
			};
			name = Debug;
		};
		5A430932251647E900684820 /* Release */ = {
			isa = XCBuildConfiguration;
			buildSettings = {
				CODE_SIGN_STYLE = Automatic;
				PRODUCT_NAME = "$(TARGET_NAME)";
			};
			name = Release;
		};
/* End XCBuildConfiguration section */

/* Begin XCConfigurationList section */
		5A4308B525162C8400684820 /* Build configuration list for PBXProject "VFXView" */ = {
			isa = XCConfigurationList;
			buildConfigurations = (
				5A4308CD25162C8400684820 /* Debug */,
				5A4308CE25162C8400684820 /* Release */,
			);
			defaultConfigurationIsVisible = 0;
			defaultConfigurationName = Release;
		};
		5A4308CF25162C8400684820 /* Build configuration list for PBXNativeTarget "VFXView" */ = {
			isa = XCConfigurationList;
			buildConfigurations = (
				5A4308D025162C8400684820 /* Debug */,
				5A4308D125162C8400684820 /* Release */,
			);
			defaultConfigurationIsVisible = 0;
			defaultConfigurationName = Release;
		};
		5A4308D225162C8400684820 /* Build configuration list for PBXNativeTarget "VFXViewTests" */ = {
			isa = XCConfigurationList;
			buildConfigurations = (
				5A4308D325162C8400684820 /* Debug */,
				5A4308D425162C8400684820 /* Release */,
			);
			defaultConfigurationIsVisible = 0;
			defaultConfigurationName = Release;
		};
		5A4309152516384900684820 /* Build configuration list for PBXNativeTarget "VFXViewExample" */ = {
			isa = XCConfigurationList;
			buildConfigurations = (
				5A4309162516384900684820 /* Debug */,
				5A4309172516384900684820 /* Release */,
			);
			defaultConfigurationIsVisible = 0;
			defaultConfigurationName = Release;
		};
		5A4309182516384900684820 /* Build configuration list for PBXNativeTarget "VFXViewExampleTests" */ = {
			isa = XCConfigurationList;
			buildConfigurations = (
				5A4309192516384900684820 /* Debug */,
				5A43091A2516384900684820 /* Release */,
			);
			defaultConfigurationIsVisible = 0;
			defaultConfigurationName = Release;
		};
		5A43091B2516384900684820 /* Build configuration list for PBXNativeTarget "VFXViewExampleUITests" */ = {
			isa = XCConfigurationList;
			buildConfigurations = (
				5A43091C2516384900684820 /* Debug */,
				5A43091D2516384900684820 /* Release */,
			);
			defaultConfigurationIsVisible = 0;
			defaultConfigurationName = Release;
		};
		5A430930251647E900684820 /* Build configuration list for PBXAggregateTarget "VFX" */ = {
			isa = XCConfigurationList;
			buildConfigurations = (
				5A430931251647E900684820 /* Debug */,
				5A430932251647E900684820 /* Release */,
			);
			defaultConfigurationIsVisible = 0;
			defaultConfigurationName = Release;
		};
/* End XCConfigurationList section */
	};
	rootObject = 5A4308B225162C8400684820 /* Project object */;
}
